
Microsoft Visual Studio Solution File, Format Version 12.00
# Visual Studio Version 17
VisualStudioVersion = 17.5.33516.290
MinimumVisualStudioVersion = 10.0.40219.1
Project("{9A19103F-16F7-4668-BE54-9A1E7A4F7556}") = "CarRental", "Car Rental\CarRental.csproj", "{52CEED8D-1725-4957-989C-34FB8BFDC7FA}"
EndProject
Project("{2150E333-8FDC-42A3-9474-1A3956D46DE8}") = "API", "API", "{32B6D9AF-834A-46FA-BDE6-2850240B85D0}"
EndProject
Project("{2150E333-8FDC-42A3-9474-1A3956D46DE8}") = "BoundedContext", "BoundedContext", "{F1DBEF09-8EFF-4D82-A0DF-623593EF7F31}"
EndProject
Project("{2150E333-8FDC-42A3-9474-1A3956D46DE8}") = "SharedKernel", "SharedKernel", "{9CF40B09-1F0D-4F06-87F0-CC82F258215C}"
EndProject
Project("{2150E333-8FDC-42A3-9474-1A3956D46DE8}") = "Infrasturcture", "Infrasturcture", "{B3BF4A65-5D28-425D-8601-4230A59DE131}"
EndProject
Project("{9A19103F-16F7-4668-BE54-9A1E7A4F7556}") = "Car.SharedKernel", "Car.SharedKernel\Car.SharedKernel.csproj", "{779CD588-F344-45D7-9F96-608FA331C6C2}"
EndProject
Project("{9A19103F-16F7-4668-BE54-9A1E7A4F7556}") = "Car.DTO", "Car.DTO\Car.DTO.csproj", "{08BF8D61-0B7C-4FAA-9415-63D7B5D3ADA6}"
EndProject
Project("{9A19103F-16F7-4668-BE54-9A1E7A4F7556}") = "Car.Model", "Car.Model\Car.Model.csproj", "{09B873C4-E7B9-4EAD-98D2-37E0883FE6E4}"
EndProject
Project("{9A19103F-16F7-4668-BE54-9A1E7A4F7556}") = "CarRepo", "Car\CarRepo.csproj", "{9FAC1738-4BAF-4809-9E5A-EDA555D13528}"
EndProject
Project("{9A19103F-16F7-4668-BE54-9A1E7A4F7556}") = "Car.SQL", "Car.SQL\Car.SQL.csproj", "{68041ADD-99A0-4950-A9DB-91C9A61B8DE4}"
EndProject
Global
	GlobalSection(SolutionConfigurationPlatforms) = preSolution
		Debug|Any CPU = Debug|Any CPU
		Release|Any CPU = Release|Any CPU
	EndGlobalSection
	GlobalSection(ProjectConfigurationPlatforms) = postSolution
		{52CEED8D-1725-4957-989C-34FB8BFDC7FA}.Debug|Any CPU.ActiveCfg = Debug|Any CPU
		{52CEED8D-1725-4957-989C-34FB8BFDC7FA}.Debug|Any CPU.Build.0 = Debug|Any CPU
		{52CEED8D-1725-4957-989C-34FB8BFDC7FA}.Release|Any CPU.ActiveCfg = Release|Any CPU
		{52CEED8D-1725-4957-989C-34FB8BFDC7FA}.Release|Any CPU.Build.0 = Release|Any CPU
		{779CD588-F344-45D7-9F96-608FA331C6C2}.Debug|Any CPU.ActiveCfg = Debug|Any CPU
		{779CD588-F344-45D7-9F96-608FA331C6C2}.Debug|Any CPU.Build.0 = Debug|Any CPU
		{779CD588-F344-45D7-9F96-608FA331C6C2}.Release|Any CPU.ActiveCfg = Release|Any CPU
		{779CD588-F344-45D7-9F96-608FA331C6C2}.Release|Any CPU.Build.0 = Release|Any CPU
		{08BF8D61-0B7C-4FAA-9415-63D7B5D3ADA6}.Debug|Any CPU.ActiveCfg = Debug|Any CPU
		{08BF8D61-0B7C-4FAA-9415-63D7B5D3ADA6}.Debug|Any CPU.Build.0 = Debug|Any CPU
		{08BF8D61-0B7C-4FAA-9415-63D7B5D3ADA6}.Release|Any CPU.ActiveCfg = Release|Any CPU
		{08BF8D61-0B7C-4FAA-9415-63D7B5D3ADA6}.Release|Any CPU.Build.0 = Release|Any CPU
		{09B873C4-E7B9-4EAD-98D2-37E0883FE6E4}.Debug|Any CPU.ActiveCfg = Debug|Any CPU
		{09B873C4-E7B9-4EAD-98D2-37E0883FE6E4}.Debug|Any CPU.Build.0 = Debug|Any CPU
		{09B873C4-E7B9-4EAD-98D2-37E0883FE6E4}.Release|Any CPU.ActiveCfg = Release|Any CPU
		{09B873C4-E7B9-4EAD-98D2-37E0883FE6E4}.Release|Any CPU.Build.0 = Release|Any CPU
		{9FAC1738-4BAF-4809-9E5A-EDA555D13528}.Debug|Any CPU.ActiveCfg = Debug|Any CPU
		{9FAC1738-4BAF-4809-9E5A-EDA555D13528}.Debug|Any CPU.Build.0 = Debug|Any CPU
		{9FAC1738-4BAF-4809-9E5A-EDA555D13528}.Release|Any CPU.ActiveCfg = Release|Any CPU
		{9FAC1738-4BAF-4809-9E5A-EDA555D13528}.Release|Any CPU.Build.0 = Release|Any CPU
		{68041ADD-99A0-4950-A9DB-91C9A61B8DE4}.Debug|Any CPU.ActiveCfg = Debug|Any CPU
		{68041ADD-99A0-4950-A9DB-91C9A61B8DE4}.Debug|Any CPU.Build.0 = Debug|Any CPU
		{68041ADD-99A0-4950-A9DB-91C9A61B8DE4}.Release|Any CPU.ActiveCfg = Release|Any CPU
		{68041ADD-99A0-4950-A9DB-91C9A61B8DE4}.Release|Any CPU.Build.0 = Release|Any CPU
	EndGlobalSection
	GlobalSection(SolutionProperties) = preSolution
		HideSolutionNode = FALSE
	EndGlobalSection
	GlobalSection(NestedProjects) = preSolution
		{52CEED8D-1725-4957-989C-34FB8BFDC7FA} = {32B6D9AF-834A-46FA-BDE6-2850240B85D0}
		{779CD588-F344-45D7-9F96-608FA331C6C2} = {9CF40B09-1F0D-4F06-87F0-CC82F258215C}
		{08BF8D61-0B7C-4FAA-9415-63D7B5D3ADA6} = {F1DBEF09-8EFF-4D82-A0DF-623593EF7F31}
		{09B873C4-E7B9-4EAD-98D2-37E0883FE6E4} = {B3BF4A65-5D28-425D-8601-4230A59DE131}
		{9FAC1738-4BAF-4809-9E5A-EDA555D13528} = {F1DBEF09-8EFF-4D82-A0DF-623593EF7F31}
		{68041ADD-99A0-4950-A9DB-91C9A61B8DE4} = {B3BF4A65-5D28-425D-8601-4230A59DE131}
	EndGlobalSection
	GlobalSection(ExtensibilityGlobals) = postSolution
		SolutionGuid = {29185AA5-F287-4AD5-BFE1-95832A30250E}
	EndGlobalSection
EndGlobal
